
Microsoft Visual Studio Solution File, Format Version 12.00
# Visual Studio 15
VisualStudioVersion = 15.0.28010.2003
MinimumVisualStudioVersion = 10.0.40219.1
Project("{FAE04EC0-301F-11D3-BF4B-00C04F79EFBC}") = "TurnkeyDemo", "Turnkey\TurnkeyDemo.csproj", "{E729B03D-A754-48A9-B285-1DDF5ACE096B}"
EndProject
Project("{FAE04EC0-301F-11D3-BF4B-00C04F79EFBC}") = "Turnkey.Tests", "Turnkey.Tests\Turnkey.Tests.csproj", "{EF6875CA-596E-47F1-BBCA-B94933CE7E7F}"
EndProject
Global
	GlobalSection(SolutionConfigurationPlatforms) = preSolution
		Debug|Any CPU = Debug|Any CPU
		Release|Any CPU = Release|Any CPU
	EndGlobalSection
	GlobalSection(ProjectConfigurationPlatforms) = postSolution
		{E729B03D-A754-48A9-B285-1DDF5ACE096B}.Debug|Any CPU.ActiveCfg = Debug|Any CPU
		{E729B03D-A754-48A9-B285-1DDF5ACE096B}.Debug|Any CPU.Build.0 = Debug|Any CPU
		{E729B03D-A754-48A9-B285-1DDF5ACE096B}.Release|Any CPU.ActiveCfg = Release|Any CPU
		{E729B03D-A754-48A9-B285-1DDF5ACE096B}.Release|Any CPU.Build.0 = Release|Any CPU
		{EF6875CA-596E-47F1-BBCA-B94933CE7E7F}.Debug|Any CPU.ActiveCfg = Debug|Any CPU
		{EF6875CA-596E-47F1-BBCA-B94933CE7E7F}.Debug|Any CPU.Build.0 = Debug|Any CPU
		{EF6875CA-596E-47F1-BBCA-B94933CE7E7F}.Release|Any CPU.ActiveCfg = Release|Any CPU
		{EF6875CA-596E-47F1-BBCA-B94933CE7E7F}.Release|Any CPU.Build.0 = Release|Any CPU
	EndGlobalSection
	GlobalSection(SolutionProperties) = preSolution
		HideSolutionNode = FALSE
	EndGlobalSection
	GlobalSection(ExtensibilityGlobals) = postSolution
		SolutionGuid = {AE8D6495-D20B-4AB3-A302-5B4F3C8FA0B1}
	EndGlobalSection
EndGlobal
